
Microsoft Visual Studio Solution File, Format Version 12.00
# Visual Studio Version 17
VisualStudioVersion = 17.6.33712.159
MinimumVisualStudioVersion = 10.0.40219.1
Project("{FAE04EC0-301F-11D3-BF4B-00C04F79EFBC}") = "APP", "APP\APP.csproj", "{FFA82D26-4F37-4305-90E7-DFB9BD958866}"
EndProject
Project("{FAE04EC0-301F-11D3-BF4B-00C04F79EFBC}") = "Tests", "Tests\Tests.csproj", "{45B90838-6902-4754-A455-445C085C3D9D}"
EndProject
Global
	GlobalSection(SolutionConfigurationPlatforms) = preSolution
		Debug|Any CPU = Debug|Any CPU
		Release|Any CPU = Release|Any CPU
	EndGlobalSection
	GlobalSection(ProjectConfigurationPlatforms) = postSolution
		{FFA82D26-4F37-4305-90E7-DFB9BD958866}.Debug|Any CPU.ActiveCfg = Debug|Any CPU
		{FFA82D26-4F37-4305-90E7-DFB9BD958866}.Debug|Any CPU.Build.0 = Debug|Any CPU
		{FFA82D26-4F37-4305-90E7-DFB9BD958866}.Release|Any CPU.ActiveCfg = Release|Any CPU
		{FFA82D26-4F37-4305-90E7-DFB9BD958866}.Release|Any CPU.Build.0 = Release|Any CPU
		{45B90838-6902-4754-A455-445C085C3D9D}.Debug|Any CPU.ActiveCfg = Debug|Any CPU
		{45B90838-6902-4754-A455-445C085C3D9D}.Debug|Any CPU.Build.0 = Debug|Any CPU
		{45B90838-6902-4754-A455-445C085C3D9D}.Release|Any CPU.ActiveCfg = Release|Any CPU
		{45B90838-6902-4754-A455-445C085C3D9D}.Release|Any CPU.Build.0 = Release|Any CPU
	EndGlobalSection
	GlobalSection(SolutionProperties) = preSolution
		HideSolutionNode = FALSE
	EndGlobalSection
	GlobalSection(ExtensibilityGlobals) = postSolution
		SolutionGuid = {C9EC444D-82AC-4897-878D-D07E8B1D4BCD}
	EndGlobalSection
EndGlobal
